
Microsoft Visual Studio Solution File, Format Version 12.00
# Visual Studio 2013
VisualStudioVersion = 12.0.40629.0
MinimumVisualStudioVersion = 10.0.40219.1
Project("{FAE04EC0-301F-11D3-BF4B-00C04F79EFBC}") = "SmartHtml", "SmartHtml\SmartHtml.csproj", "{504E19FB-E102-4E3C-AA57-441B5F090ADF}"
EndProject
Project("{FAE04EC0-301F-11D3-BF4B-00C04F79EFBC}") = "SmartHtml.Tests", "SmartHtml.Tests\SmartHtml.Tests.csproj", "{3CA41C1A-6001-4906-BE0E-98093F6D5D60}"
EndProject
Global
	GlobalSection(SolutionConfigurationPlatforms) = preSolution
		Debug|Any CPU = Debug|Any CPU
		Release|Any CPU = Release|Any CPU
	EndGlobalSection
	GlobalSection(ProjectConfigurationPlatforms) = postSolution
		{504E19FB-E102-4E3C-AA57-441B5F090ADF}.Debug|Any CPU.ActiveCfg = Debug|Any CPU
		{504E19FB-E102-4E3C-AA57-441B5F090ADF}.Debug|Any CPU.Build.0 = Debug|Any CPU
		{504E19FB-E102-4E3C-AA57-441B5F090ADF}.Release|Any CPU.ActiveCfg = Release|Any CPU
		{504E19FB-E102-4E3C-AA57-441B5F090ADF}.Release|Any CPU.Build.0 = Release|Any CPU
		{3CA41C1A-6001-4906-BE0E-98093F6D5D60}.Debug|Any CPU.ActiveCfg = Debug|Any CPU
		{3CA41C1A-6001-4906-BE0E-98093F6D5D60}.Debug|Any CPU.Build.0 = Debug|Any CPU
		{3CA41C1A-6001-4906-BE0E-98093F6D5D60}.Release|Any CPU.ActiveCfg = Release|Any CPU
		{3CA41C1A-6001-4906-BE0E-98093F6D5D60}.Release|Any CPU.Build.0 = Release|Any CPU
	EndGlobalSection
	GlobalSection(SolutionProperties) = preSolution
		HideSolutionNode = FALSE
	EndGlobalSection
EndGlobal
